// !$*UTF8*$!
{
	archiveVersion = 1;
	classes = {
	};
	objectVersion = 77;
	objects = {

/* Begin PBXContainerItemProxy section */
		01FC05EE2EBE6F2D0046099A /* PBXContainerItemProxy */ = {
			isa = PBXContainerItemProxy;
			containerPortal = 01FC05D82EBE6F2B0046099A /* Project object */;
			proxyType = 1;
			remoteGlobalIDString = 01FC05DF2EBE6F2B0046099A;
			remoteInfo = Friend;
		};
		01FC05F82EBE6F2D0046099A /* PBXContainerItemProxy */ = {
			isa = PBXContainerItemProxy;
			containerPortal = 01FC05D82EBE6F2B0046099A /* Project object */;
			proxyType = 1;
			remoteGlobalIDString = 01FC05DF2EBE6F2B0046099A;
			remoteInfo = Friend;
		};
/* End PBXContainerItemProxy section */

/* Begin PBXFileReference section */
		01FC05E02EBE6F2B0046099A /* Friend.app */ = {isa = PBXFileReference; explicitFileType = wrapper.application; includeInIndex = 0; path = Friend.app; sourceTree = BUILT_PRODUCTS_DIR; };
		01FC05ED2EBE6F2D0046099A /* FriendTests.xctest */ = {isa = PBXFileReference; explicitFileType = wrapper.cfbundle; includeInIndex = 0; path = FriendTests.xctest; sourceTree = BUILT_PRODUCTS_DIR; };
		01FC05F72EBE6F2D0046099A /* FriendUITests.xctest */ = {isa = PBXFileReference; explicitFileType = wrapper.cfbundle; includeInIndex = 0; path = FriendUITests.xctest; sourceTree = BUILT_PRODUCTS_DIR; };
/* End PBXFileReference section */

/* Begin PBXFileSystemSynchronizedRootGroup section */
		01FC05E22EBE6F2B0046099A /* Friend */ = {
			isa = PBXFileSystemSynchronizedRootGroup;
			path = Friend;
			sourceTree = "<group>";
		};
		01FC05F02EBE6F2D0046099A /* FriendTests */ = {
			isa = PBXFileSystemSynchronizedRootGroup;
			path = FriendTests;
			sourceTree = "<group>";
		};
		01FC05FA2EBE6F2D0046099A /* FriendUITests */ = {
			isa = PBXFileSystemSynchronizedRootGroup;
			path = FriendUITests;
			sourceTree = "<group>";
		};
/* End PBXFileSystemSynchronizedRootGroup section */

/* Begin PBXFrameworksBuildPhase section */
		01FC05DD2EBE6F2B0046099A /* Frameworks */ = {
			isa = PBXFrameworksBuildPhase;
			buildActionMask = 2147483647;
			files = (
			);
			runOnlyForDeploymentPostprocessing = 0;
		};
		01FC05EA2EBE6F2D0046099A /* Frameworks */ = {
			isa = PBXFrameworksBuildPhase;
			buildActionMask = 2147483647;
			files = (
			);
			runOnlyForDeploymentPostprocessing = 0;
		};
		01FC05F42EBE6F2D0046099A /* Frameworks */ = {
			isa = PBXFrameworksBuildPhase;
			buildActionMask = 2147483647;
			files = (
			);
			runOnlyForDeploymentPostprocessing = 0;
		};
/* End PBXFrameworksBuildPhase section */

/* Begin PBXGroup section */
		01FC05D72EBE6F2B0046099A = {
			isa = PBXGroup;
			children = (
				01FC05E22EBE6F2B0046099A /* Friend */,
				01FC05F02EBE6F2D0046099A /* FriendTests */,
				01FC05FA2EBE6F2D0046099A /* FriendUITests */,
				01FC05E12EBE6F2B0046099A /* Products */,
			);
			sourceTree = "<group>";
		};
		01FC05E12EBE6F2B0046099A /* Products */ = {
			isa = PBXGroup;
			children = (
				01FC05E02EBE6F2B0046099A /* Friend.app */,
				01FC05ED2EBE6F2D0046099A /* FriendTests.xctest */,
				01FC05F72EBE6F2D0046099A /* FriendUITests.xctest */,
			);
			name = Products;
			sourceTree = "<group>";
		};
/* End PBXGroup section */

/* Begin PBXNativeTarget section */
		01FC05DF2EBE6F2B0046099A /* Friend */ = {
			isa = PBXNativeTarget;
			buildConfigurationList = 01FC06012EBE6F2D0046099A /* Build configuration list for PBXNativeTarget "Friend" */;
			buildPhases = (
				01FC05DC2EBE6F2B0046099A /* Sources */,
				01FC05DD2EBE6F2B0046099A /* Frameworks */,
				01FC05DE2EBE6F2B0046099A /* Resources */,
			);
			buildRules = (
			);
			dependencies = (
			);
			fileSystemSynchronizedGroups = (
				01FC05E22EBE6F2B0046099A /* Friend */,
			);
			name = Friend;
			packageProductDependencies = (
			);
			productName = Friend;
			productReference = 01FC05E02EBE6F2B0046099A /* Friend.app */;
			productType = "com.apple.product-type.application";
		};
		01FC05EC2EBE6F2D0046099A /* FriendTests */ = {
			isa = PBXNativeTarget;
			buildConfigurationList = 01FC06042EBE6F2D0046099A /* Build configuration list for PBXNativeTarget "FriendTests" */;
			buildPhases = (
				01FC05E92EBE6F2D0046099A /* Sources */,
				01FC05EA2EBE6F2D0046099A /* Frameworks */,
				01FC05EB2EBE6F2D0046099A /* Resources */,
			);
			buildRules = (
			);
			dependencies = (
				01FC05EF2EBE6F2D0046099A /* PBXTargetDependency */,
			);
			fileSystemSynchronizedGroups = (
				01FC05F02EBE6F2D0046099A /* FriendTests */,
			);
			name = FriendTests;
			packageProductDependencies = (
			);
			productName = FriendTests;
			productReference = 01FC05ED2EBE6F2D0046099A /* FriendTests.xctest */;
			productType = "com.apple.product-type.bundle.unit-test";
		};
		01FC05F62EBE6F2D0046099A /* FriendUITests */ = {
			isa = PBXNativeTarget;
			buildConfigurationList = 01FC06072EBE6F2D0046099A /* Build configuration list for PBXNativeTarget "FriendUITests" */;
			buildPhases = (
				01FC05F32EBE6F2D0046099A /* Sources */,
				01FC05F42EBE6F2D0046099A /* Frameworks */,
				01FC05F52EBE6F2D0046099A /* Resources */,
			);
			buildRules = (
			);
			dependencies = (
				01FC05F92EBE6F2D0046099A /* PBXTargetDependency */,
			);
			fileSystemSynchronizedGroups = (
				01FC05FA2EBE6F2D0046099A /* FriendUITests */,
			);
			name = FriendUITests;
			packageProductDependencies = (
			);
			productName = FriendUITests;
			productReference = 01FC05F72EBE6F2D0046099A /* FriendUITests.xctest */;
			productType = "com.apple.product-type.bundle.ui-testing";
		};
/* End PBXNativeTarget section */

/* Begin PBXProject section */
		01FC05D82EBE6F2B0046099A /* Project object */ = {
			isa = PBXProject;
			attributes = {
				BuildIndependentTargetsInParallel = 1;
				LastSwiftUpdateCheck = 2610;
				LastUpgradeCheck = 2610;
				TargetAttributes = {
					01FC05DF2EBE6F2B0046099A = {
						CreatedOnToolsVersion = 26.1;
					};
					01FC05EC2EBE6F2D0046099A = {
						CreatedOnToolsVersion = 26.1;
						TestTargetID = 01FC05DF2EBE6F2B0046099A;
					};
					01FC05F62EBE6F2D0046099A = {
						CreatedOnToolsVersion = 26.1;
						TestTargetID = 01FC05DF2EBE6F2B0046099A;
					};
				};
			};
			buildConfigurationList = 01FC05DB2EBE6F2B0046099A /* Build configuration list for PBXProject "Friend" */;
			developmentRegion = en;
			hasScannedForEncodings = 0;
			knownRegions = (
				en,
				Base,
			);
			mainGroup = 01FC05D72EBE6F2B0046099A;
			minimizedProjectReferenceProxies = 1;
			preferredProjectObjectVersion = 77;
			productRefGroup = 01FC05E12EBE6F2B0046099A /* Products */;
			projectDirPath = "";
			projectRoot = "";
			targets = (
				01FC05DF2EBE6F2B0046099A /* Friend */,
				01FC05EC2EBE6F2D0046099A /* FriendTests */,
				01FC05F62EBE6F2D0046099A /* FriendUITests */,
			);
		};
/* End PBXProject section */

/* Begin PBXResourcesBuildPhase section */
		01FC05DE2EBE6F2B0046099A /* Resources */ = {
			isa = PBXResourcesBuildPhase;
			buildActionMask = 2147483647;
			files = (
			);
			runOnlyForDeploymentPostprocessing = 0;
		};
		01FC05EB2EBE6F2D0046099A /* Resources */ = {
			isa = PBXResourcesBuildPhase;
			buildActionMask = 2147483647;
			files = (
			);
			runOnlyForDeploymentPostprocessing = 0;
		};
		01FC05F52EBE6F2D0046099A /* Resources */ = {
			isa = PBXResourcesBuildPhase;
			buildActionMask = 2147483647;
			files = (
			);
			runOnlyForDeploymentPostprocessing = 0;
		};
/* End PBXResourcesBuildPhase section */

/* Begin PBXSourcesBuildPhase section */
		01FC05DC2EBE6F2B0046099A /* Sources */ = {
			isa = PBXSourcesBuildPhase;
			buildActionMask = 2147483647;
			files = (
			);
			runOnlyForDeploymentPostprocessing = 0;
		};
		01FC05E92EBE6F2D0046099A /* Sources */ = {
			isa = PBXSourcesBuildPhase;
			buildActionMask = 2147483647;
			files = (
			);
			runOnlyForDeploymentPostprocessing = 0;
		};
		01FC05F32EBE6F2D0046099A /* Sources */ = {
			isa = PBXSourcesBuildPhase;
			buildActionMask = 2147483647;
			files = (
			);
			runOnlyForDeploymentPostprocessing = 0;
		};
/* End PBXSourcesBuildPhase section */

/* Begin PBXTargetDependency section */
		01FC05EF2EBE6F2D0046099A /* PBXTargetDependency */ = {
			isa = PBXTargetDependency;
			target = 01FC05DF2EBE6F2B0046099A /* Friend */;
			targetProxy = 01FC05EE2EBE6F2D0046099A /* PBXContainerItemProxy */;
		};
		01FC05F92EBE6F2D0046099A /* PBXTargetDependency */ = {
			isa = PBXTargetDependency;
			target = 01FC05DF2EBE6F2B0046099A /* Friend */;
			targetProxy = 01FC05F82EBE6F2D0046099A /* PBXContainerItemProxy */;
		};
/* End PBXTargetDependency section */

/* Begin XCBuildConfiguration section */
		01FC05FF2EBE6F2D0046099A /* Debug */ = {
			isa = XCBuildConfiguration;
			buildSettings = {
				ALWAYS_SEARCH_USER_PATHS = NO;
				ASSETCATALOG_COMPILER_GENERATE_SWIFT_ASSET_SYMBOL_EXTENSIONS = YES;
				CLANG_ANALYZER_NONNULL = YES;
				CLANG_ANALYZER_NUMBER_OBJECT_CONVERSION = YES_AGGRESSIVE;
				CLANG_CXX_LANGUAGE_STANDARD = "gnu++20";
				CLANG_ENABLE_MODULES = YES;
				CLANG_ENABLE_OBJC_ARC = YES;
				CLANG_ENABLE_OBJC_WEAK = YES;
				CLANG_WARN_BLOCK_CAPTURE_AUTORELEASING = YES;
				CLANG_WARN_BOOL_CONVERSION = YES;
				CLANG_WARN_COMMA = YES;
				CLANG_WARN_CONSTANT_CONVERSION = YES;
				CLANG_WARN_DEPRECATED_OBJC_IMPLEMENTATIONS = YES;
				CLANG_WARN_DIRECT_OBJC_ISA_USAGE = YES_ERROR;
				CLANG_WARN_DOCUMENTATION_COMMENTS = YES;
				CLANG_WARN_EMPTY_BODY = YES;
				CLANG_WARN_ENUM_CONVERSION = YES;
				CLANG_WARN_INFINITE_RECURSION = YES;
				CLANG_WARN_INT_CONVERSION = YES;
				CLANG_WARN_NON_LITERAL_NULL_CONVERSION = YES;
				CLANG_WARN_OBJC_IMPLICIT_RETAIN_SELF = YES;
				CLANG_WARN_OBJC_LITERAL_CONVERSION = YES;
				CLANG_WARN_OBJC_ROOT_CLASS = YES_ERROR;
				CLANG_WARN_QUOTED_INCLUDE_IN_FRAMEWORK_HEADER = YES;
				CLANG_WARN_RANGE_LOOP_ANALYSIS = YES;
				CLANG_WARN_STRICT_PROTOTYPES = YES;
				CLANG_WARN_SUSPICIOUS_MOVE = YES;
				CLANG_WARN_UNGUARDED_AVAILABILITY = YES_AGGRESSIVE;
				CLANG_WARN_UNREACHABLE_CODE = YES;
				CLANG_WARN__DUPLICATE_METHOD_MATCH = YES;
				COPY_PHASE_STRIP = NO;
				DEBUG_INFORMATION_FORMAT = dwarf;
				ENABLE_STRICT_OBJC_MSGSEND = YES;
				ENABLE_TESTABILITY = YES;
				ENABLE_USER_SCRIPT_SANDBOXING = YES;
				GCC_C_LANGUAGE_STANDARD = gnu17;
				GCC_DYNAMIC_NO_PIC = NO;
				GCC_NO_COMMON_BLOCKS = YES;
				GCC_OPTIMIZATION_LEVEL = 0;
				GCC_PREPROCESSOR_DEFINITIONS = (
					"DEBUG=1",
					"$(inherited)",
				);
				GCC_WARN_64_TO_32_BIT_CONVERSION = YES;
				GCC_WARN_ABOUT_RETURN_TYPE = YES_ERROR;
				GCC_WARN_UNDECLARED_SELECTOR = YES;
				GCC_WARN_UNINITIALIZED_AUTOS = YES_AGGRESSIVE;
				GCC_WARN_UNUSED_FUNCTION = YES;
				GCC_WARN_UNUSED_VARIABLE = YES;
				IPHONEOS_DEPLOYMENT_TARGET = 26.1;
				LOCALIZATION_PREFERS_STRING_CATALOGS = YES;
				MTL_ENABLE_DEBUG_INFO = INCLUDE_SOURCE;
				MTL_FAST_MATH = YES;
				ONLY_ACTIVE_ARCH = YES;
				SDKROOT = iphoneos;
				SWIFT_ACTIVE_COMPILATION_CONDITIONS = "DEBUG $(inherited)";
				SWIFT_OPTIMIZATION_LEVEL = "-Onone";
			};
			name = Debug;
		};
		01FC06002EBE6F2D0046099A /* Release */ = {
			isa = XCBuildConfiguration;
			buildSettings = {
				ALWAYS_SEARCH_USER_PATHS = NO;
				ASSETCATALOG_COMPILER_GENERATE_SWIFT_ASSET_SYMBOL_EXTENSIONS = YES;
				CLANG_ANALYZER_NONNULL = YES;
				CLANG_ANALYZER_NUMBER_OBJECT_CONVERSION = YES_AGGRESSIVE;
				CLANG_CXX_LANGUAGE_STANDARD = "gnu++20";
				CLANG_ENABLE_MODULES = YES;
				CLANG_ENABLE_OBJC_ARC = YES;
				CLANG_ENABLE_OBJC_WEAK = YES;
				CLANG_WARN_BLOCK_CAPTURE_AUTORELEASING = YES;
				CLANG_WARN_BOOL_CONVERSION = YES;
				CLANG_WARN_COMMA = YES;
				CLANG_WARN_CONSTANT_CONVERSION = YES;
				CLANG_WARN_DEPRECATED_OBJC_IMPLEMENTATIONS = YES;
				CLANG_WARN_DIRECT_OBJC_ISA_USAGE = YES_ERROR;
				CLANG_WARN_DOCUMENTATION_COMMENTS = YES;
				CLANG_WARN_EMPTY_BODY = YES;
				CLANG_WARN_ENUM_CONVERSION = YES;
				CLANG_WARN_INFINITE_RECURSION = YES;
				CLANG_WARN_INT_CONVERSION = YES;
				CLANG_WARN_NON_LITERAL_NULL_CONVERSION = YES;
				CLANG_WARN_OBJC_IMPLICIT_RETAIN_SELF = YES;
				CLANG_WARN_OBJC_LITERAL_CONVERSION = YES;
				CLANG_WARN_OBJC_ROOT_CLASS = YES_ERROR;
				CLANG_WARN_QUOTED_INCLUDE_IN_FRAMEWORK_HEADER = YES;
				CLANG_WARN_RANGE_LOOP_ANALYSIS = YES;
				CLANG_WARN_STRICT_PROTOTYPES = YES;
				CLANG_WARN_SUSPICIOUS_MOVE = YES;
				CLANG_WARN_UNGUARDED_AVAILABILITY = YES_AGGRESSIVE;
				CLANG_WARN_UNREACHABLE_CODE = YES;
				CLANG_WARN__DUPLICATE_METHOD_MATCH = YES;
				COPY_PHASE_STRIP = NO;
				DEBUG_INFORMATION_FORMAT = "dwarf-with-dsym";
				ENABLE_NS_ASSERTIONS = NO;
				ENABLE_STRICT_OBJC_MSGSEND = YES;
				ENABLE_USER_SCRIPT_SANDBOXING = YES;
				GCC_C_LANGUAGE_STANDARD = gnu17;
				GCC_NO_COMMON_BLOCKS = YES;
				GCC_WARN_64_TO_32_BIT_CONVERSION = YES;
				GCC_WARN_ABOUT_RETURN_TYPE = YES_ERROR;
				GCC_WARN_UNDECLARED_SELECTOR = YES;
				GCC_WARN_UNINITIALIZED_AUTOS = YES_AGGRESSIVE;
				GCC_WARN_UNUSED_FUNCTION = YES;
				GCC_WARN_UNUSED_VARIABLE = YES;
				IPHONEOS_DEPLOYMENT_TARGET = 26.1;
				LOCALIZATION_PREFERS_STRING_CATALOGS = YES;
				MTL_ENABLE_DEBUG_INFO = NO;
				MTL_FAST_MATH = YES;
				SDKROOT = iphoneos;
				SWIFT_COMPILATION_MODE = wholemodule;
				VALIDATE_PRODUCT = YES;
			};
			name = Release;
		};
		01FC06022EBE6F2D0046099A /* Debug */ = {
			isa = XCBuildConfiguration;
			buildSettings = {
				ASSETCATALOG_COMPILER_APPICON_NAME = AppIcon;
				ASSETCATALOG_COMPILER_GLOBAL_ACCENT_COLOR_NAME = AccentColor;
				CODE_SIGN_STYLE = Automatic;
				CURRENT_PROJECT_VERSION = 1;
				ENABLE_PREVIEWS = YES;
				GENERATE_INFOPLIST_FILE = YES;
				INFOPLIST_KEY_UIApplicationSceneManifest_Generation = YES;
				INFOPLIST_KEY_UIApplicationSupportsIndirectInputEvents = YES;
				INFOPLIST_KEY_UILaunchScreen_Generation = YES;
				INFOPLIST_KEY_UISupportedInterfaceOrientations_iPad = "UIInterfaceOrientationPortrait UIInterfaceOrientationPortraitUpsideDown UIInterfaceOrientationLandscapeLeft UIInterfaceOrientationLandscapeRight";
				INFOPLIST_KEY_UISupportedInterfaceOrientations_iPhone = "UIInterfaceOrientationPortrait UIInterfaceOrientationLandscapeLeft UIInterfaceOrientationLandscapeRight";
				LD_RUNPATH_SEARCH_PATHS = (
					"$(inherited)",
					"@executable_path/Frameworks",
				);
				MARKETING_VERSION = 1.0;
				PRODUCT_BUNDLE_IDENTIFIER = ramiro.mdc.Friend;
				PRODUCT_NAME = "$(TARGET_NAME)";
				STRING_CATALOG_GENERATE_SYMBOLS = YES;
				SWIFT_APPROACHABLE_CONCURRENCY = YES;
				SWIFT_DEFAULT_ACTOR_ISOLATION = MainActor;
				SWIFT_EMIT_LOC_STRINGS = YES;
				SWIFT_UPCOMING_FEATURE_MEMBER_IMPORT_VISIBILITY = YES;
				SWIFT_VERSION = 5.0;
				TARGETED_DEVICE_FAMILY = "1,2";
			};
			name = Debug;
		};
		01FC06032EBE6F2D0046099A /* Release */ = {
			isa = XCBuildConfiguration;
			buildSettings = {
				ASSETCATALOG_COMPILER_APPICON_NAME = AppIcon;
				ASSETCATALOG_COMPILER_GLOBAL_ACCENT_COLOR_NAME = AccentColor;
				CODE_SIGN_STYLE = Automatic;
				CURRENT_PROJECT_VERSION = 1;
				ENABLE_PREVIEWS = YES;
				GENERATE_INFOPLIST_FILE = YES;
				INFOPLIST_KEY_UIApplicationSceneManifest_Generation = YES;
				INFOPLIST_KEY_UIApplicationSupportsIndirectInputEvents = YES;
				INFOPLIST_KEY_UILaunchScreen_Generation = YES;
				INFOPLIST_KEY_UISupportedInterfaceOrientations_iPad = "UIInterfaceOrientationPortrait UIInterfaceOrientationPortraitUpsideDown UIInterfaceOrientationLandscapeLeft UIInterfaceOrientationLandscapeRight";
				INFOPLIST_KEY_UISupportedInterfaceOrientations_iPhone = "UIInterfaceOrientationPortrait UIInterfaceOrientationLandscapeLeft UIInterfaceOrientationLandscapeRight";
				LD_RUNPATH_SEARCH_PATHS = (
					"$(inherited)",
					"@executable_path/Frameworks",
				);
				MARKETING_VERSION = 1.0;
				PRODUCT_BUNDLE_IDENTIFIER = ramiro.mdc.Friend;
				PRODUCT_NAME = "$(TARGET_NAME)";
				STRING_CATALOG_GENERATE_SYMBOLS = YES;
				SWIFT_APPROACHABLE_CONCURRENCY = YES;
				SWIFT_DEFAULT_ACTOR_ISOLATION = MainActor;
				SWIFT_EMIT_LOC_STRINGS = YES;
				SWIFT_UPCOMING_FEATURE_MEMBER_IMPORT_VISIBILITY = YES;
				SWIFT_VERSION = 5.0;
				TARGETED_DEVICE_FAMILY = "1,2";
			};
			name = Release;
		};
		01FC06052EBE6F2D0046099A /* Debug */ = {
			isa = XCBuildConfiguration;
			buildSettings = {
				BUNDLE_LOADER = "$(TEST_HOST)";
				CODE_SIGN_STYLE = Automatic;
				CURRENT_PROJECT_VERSION = 1;
				GENERATE_INFOPLIST_FILE = YES;
				IPHONEOS_DEPLOYMENT_TARGET = 26.1;
				MARKETING_VERSION = 1.0;
				PRODUCT_BUNDLE_IDENTIFIER = ramiro.mdc.FriendTests;
				PRODUCT_NAME = "$(TARGET_NAME)";
				STRING_CATALOG_GENERATE_SYMBOLS = NO;
				SWIFT_APPROACHABLE_CONCURRENCY = YES;
				SWIFT_EMIT_LOC_STRINGS = NO;
				SWIFT_UPCOMING_FEATURE_MEMBER_IMPORT_VISIBILITY = YES;
				SWIFT_VERSION = 5.0;
				TARGETED_DEVICE_FAMILY = "1,2";
				TEST_HOST = "$(BUILT_PRODUCTS_DIR)/Friend.app/$(BUNDLE_EXECUTABLE_FOLDER_PATH)/Friend";
			};
			name = Debug;
		};
		01FC06062EBE6F2D0046099A /* Release */ = {
			isa = XCBuildConfiguration;
			buildSettings = {
				BUNDLE_LOADER = "$(TEST_HOST)";
				CODE_SIGN_STYLE = Automatic;
				CURRENT_PROJECT_VERSION = 1;
				GENERATE_INFOPLIST_FILE = YES;
				IPHONEOS_DEPLOYMENT_TARGET = 26.1;
				MARKETING_VERSION = 1.0;
				PRODUCT_BUNDLE_IDENTIFIER = ramiro.mdc.FriendTests;
				PRODUCT_NAME = "$(TARGET_NAME)";
				STRING_CATALOG_GENERATE_SYMBOLS = NO;
				SWIFT_APPROACHABLE_CONCURRENCY = YES;
				SWIFT_EMIT_LOC_STRINGS = NO;
				SWIFT_UPCOMING_FEATURE_MEMBER_IMPORT_VISIBILITY = YES;
				SWIFT_VERSION = 5.0;
				TARGETED_DEVICE_FAMILY = "1,2";
				TEST_HOST = "$(BUILT_PRODUCTS_DIR)/Friend.app/$(BUNDLE_EXECUTABLE_FOLDER_PATH)/Friend";
			};
			name = Release;
		};
		01FC06082EBE6F2D0046099A /* Debug */ = {
			isa = XCBuildConfiguration;
			buildSettings = {
				CODE_SIGN_STYLE = Automatic;
				CURRENT_PROJECT_VERSION = 1;
				GENERATE_INFOPLIST_FILE = YES;
				MARKETING_VERSION = 1.0;
				PRODUCT_BUNDLE_IDENTIFIER = ramiro.mdc.FriendUITests;
				PRODUCT_NAME = "$(TARGET_NAME)";
				STRING_CATALOG_GENERATE_SYMBOLS = NO;
				SWIFT_APPROACHABLE_CONCURRENCY = YES;
				SWIFT_EMIT_LOC_STRINGS = NO;
				SWIFT_UPCOMING_FEATURE_MEMBER_IMPORT_VISIBILITY = YES;
				SWIFT_VERSION = 5.0;
				TARGETED_DEVICE_FAMILY = "1,2";
				TEST_TARGET_NAME = Friend;
			};
			name = Debug;
		};
		01FC06092EBE6F2D0046099A /* Release */ = {
			isa = XCBuildConfiguration;
			buildSettings = {
				CODE_SIGN_STYLE = Automatic;
				CURRENT_PROJECT_VERSION = 1;
				GENERATE_INFOPLIST_FILE = YES;
				MARKETING_VERSION = 1.0;
				PRODUCT_BUNDLE_IDENTIFIER = ramiro.mdc.FriendUITests;
				PRODUCT_NAME = "$(TARGET_NAME)";
				STRING_CATALOG_GENERATE_SYMBOLS = NO;
				SWIFT_APPROACHABLE_CONCURRENCY = YES;
				SWIFT_EMIT_LOC_STRINGS = NO;
				SWIFT_UPCOMING_FEATURE_MEMBER_IMPORT_VISIBILITY = YES;
				SWIFT_VERSION = 5.0;
				TARGETED_DEVICE_FAMILY = "1,2";
				TEST_TARGET_NAME = Friend;
			};
			name = Release;
		};
/* End XCBuildConfiguration section */

/* Begin XCConfigurationList section */
		01FC05DB2EBE6F2B0046099A /* Build configuration list for PBXProject "Friend" */ = {
			isa = XCConfigurationList;
			buildConfigurations = (
				01FC05FF2EBE6F2D0046099A /* Debug */,
				01FC06002EBE6F2D0046099A /* Release */,
			);
			defaultConfigurationIsVisible = 0;
			defaultConfigurationName = Release;
		};
		01FC06012EBE6F2D0046099A /* Build configuration list for PBXNativeTarget "Friend" */ = {
			isa = XCConfigurationList;
			buildConfigurations = (
				01FC06022EBE6F2D0046099A /* Debug */,
				01FC06032EBE6F2D0046099A /* Release */,
			);
			defaultConfigurationIsVisible = 0;
			defaultConfigurationName = Release;
		};
		01FC06042EBE6F2D0046099A /* Build configuration list for PBXNativeTarget "FriendTests" */ = {
			isa = XCConfigurationList;
			buildConfigurations = (
				01FC06052EBE6F2D0046099A /* Debug */,
				01FC06062EBE6F2D0046099A /* Release */,
			);
			defaultConfigurationIsVisible = 0;
			defaultConfigurationName = Release;
		};
		01FC06072EBE6F2D0046099A /* Build configuration list for PBXNativeTarget "FriendUITests" */ = {
			isa = XCConfigurationList;
			buildConfigurations = (
				01FC06082EBE6F2D0046099A /* Debug */,
				01FC06092EBE6F2D0046099A /* Release */,
			);
			defaultConfigurationIsVisible = 0;
			defaultConfigurationName = Release;
		};
/* End XCConfigurationList section */
	};
	rootObject = 01FC05D82EBE6F2B0046099A /* Project object */;
}
